version = 1
revision = 3
requires-python = ">=3.12"

[[package]]
name = "delta-spark"
version = "3.2.0"
source = { registry = "https://pypi.org/simple" }
dependencies = [
    { name = "importlib-metadata" },
    { name = "pyspark" },
]
sdist = { url = "https://files.pythonhosted.org/packages/38/06/a64cc4e17fe959cf60dc126bf3283fc9f22fc91f000b7f3f5e465338022d/delta-spark-3.2.0.tar.gz", hash = "sha256:641967828e47c64805f8c746513da80bea24b5f19b069cdcf64561cd3692e11d", size = 22147, upload-time = "2024-05-09T17:26:10.754Z" }
wheels = [
    { url = "https://files.pythonhosted.org/packages/3c/8e/bb778f5049aa371bf80a7a781b237eb10ef104f8736fe00d25fcfee80c2b/delta_spark-3.2.0-py3-none-any.whl", hash = "sha256:c4ff3fa7218e58a702cb71eb64384b0005c4d6f0bbdd0fe0b38a53564d946e09", size = 21186, upload-time = "2024-05-09T17:26:09.544Z" },
]

[[package]]
name = "importlib-metadata"
version = "9.0.1"
source = { registry = "https://pypi.org/simple" }
dependencies = [
    { name = "zipp" },
]
sdist = { url = "https://files.pythonhosted.org/packages/6f/7e/1e7e8dc30634b93ebb3d58a3dea569ad146e656218d3960ab04f62047b29/importlib_metadata-9.0.1.tar.gz", hash = "sha256:ab830580bc0ef3db61ce8fae716389e5462b67e033018bab6d8f80ef17172f99", size = 59124, upload-time = "2026-08-28T15:30:34.646Z" }
wheels = [
    { url = "https://files.pythonhosted.org/packages/b3/55/ecca97ae19075f1fac62def77731e7f535e6c1fb8f92ff08160c5e6dade8/importlib_metadata-9.0.1-py3-none-any.whl", hash = "sha256:bba5600596a7e21f3eef53281cf28d6a5195634d2f2b78ff9501a3272c6eaab0", size = 27920, upload-time = "2026-08-28T15:30:33.433Z" },
]

[[package]]
name = "py4j"
version = "0.10.9.7"
source = { registry = "https://pypi.org/simple" }
sdist = { url = "https://files.pythonhosted.org/packages/1e/f2/b34255180c72c36ff7097f7c2cdca02abcbd89f5eebf7c7c41262a9a0637/py4j-0.10.9.7.tar.gz", hash = "sha256:0b6e5315bb3ada5cf62ac651d107bb2ebc02def3dee9d9548e3baac644ea8dbb", size = 1508234, upload-time = "2022-08-12T22:49:09.792Z" }
wheels = [
    { url = "https://files.pythonhosted.org/packages/10/30/a58b32568f1623aaad7db22aa9eafc4c6c194b429ff35bdc55ca2726da47/py4j-0.10.9.7-py2.py3-none-any.whl", hash = "sha256:85defdfd2b2376eb3abf5ca6474b51ab7e0de341c75a02f46dc9b5976f5a5c1b", size = 200481, upload-time = "2022-08-12T22:49:07.05Z" },
]

[[package]]
name = "pyspark"
version = "3.5.1"
source = { registry = "https://pypi.org/simple" }
dependencies = [
    { name = "py4j" },
]
sdist = { url = "https://files.pythonhosted.org/packages/73/e5/c9eb78cc982dafb7b5834bc5c368fe596216c8b9f7c4b4ffa104c4d2ab8f/pyspark-3.5.1.tar.gz", hash = "sha256:dd6569e547365eadc4f887bf57f153e4d582a68c4b490de475d55b9981664910", size = 316955685, upload-time = "2024-02-26T02:41:49.644Z" }

[[package]]
name = "spark"
version = "0.1.0"
source = { editable = "." }
dependencies = [
    { name = "delta-spark" },
    { name = "pyspark" },
]

[package.metadata]
requires-dist = [
    { name = "delta-spark", specifier = "==3.2.0" },
    { name = "pyspark", specifier = "==3.5.1" },
]

[[package]]
name = "zipp"
version = "4.1.0"
source = { registry = "https://pypi.org/simple" }
sdist = { url = "https://files.pythonhosted.org/packages/b9/d8/eab98a517c14134c0b2eb4e2387bc5f457334293ec5d2dd3857ec2966802/zipp-4.1.0.tar.gz", hash = "sha256:4cb57381f544315db7688e976e922a2b18cdb513d21cc194eb42232ba2a3e602", size = 26214, upload-time = "2026-05-18T20:08:57.967Z" }
wheels = [
    { url = "https://files.pythonhosted.org/packages/3a/13/547360d81e6d88d58492968ffda9f9542854f11310ee556fef14260cc886/zipp-4.1.0-py3-none-any.whl", hash = "sha256:25ad4e16390cd314347dd8f1de67a2ac538ae658ed4ab9db16029c07c188e97f", size = 10238, upload-time = "2026-05-18T20:08:57.045Z" },
]
